
Microsoft Visual Studio Solution File, Format Version 12.00
# Visual Studio Version 17
VisualStudioVersion = 17.2.32526.322
MinimumVisualStudioVersion = 10.0.40219.1
Project("{FAE04EC0-301F-11D3-BF4B-00C04F79EFBC}") = "LINQ_Review", "LINQ_Review\LINQ_Review.csproj", "{1E0122B7-2FC8-40FE-9BD1-1032C37BDA99}"
EndProject
Global
	GlobalSection(SolutionConfigurationPlatforms) = preSolution
		Debug|Any CPU = Debug|Any CPU
		Release|Any CPU = Release|Any CPU
	EndGlobalSection
	GlobalSection(ProjectConfigurationPlatforms) = postSolution
		{1E0122B7-2FC8-40FE-9BD1-1032C37BDA99}.Debug|Any CPU.ActiveCfg = Debug|Any CPU
		{1E0122B7-2FC8-40FE-9BD1-1032C37BDA99}.Debug|Any CPU.Build.0 = Debug|Any CPU
		{1E0122B7-2FC8-40FE-9BD1-1032C37BDA99}.Release|Any CPU.ActiveCfg = Release|Any CPU
		{1E0122B7-2FC8-40FE-9BD1-1032C37BDA99}.Release|Any CPU.Build.0 = Release|Any CPU
	EndGlobalSection
	GlobalSection(SolutionProperties) = preSolution
		HideSolutionNode = FALSE
	EndGlobalSection
	GlobalSection(ExtensibilityGlobals) = postSolution
		SolutionGuid = {EF8D7DA1-C777-4B50-ACB9-BCBFA3AD6ED7}
	EndGlobalSection
EndGlobal
